
Microsoft Visual Studio Solution File, Format Version 12.00
# Visual Studio Version 17
VisualStudioVersion = 17.13.35825.156 d17.13
MinimumVisualStudioVersion = 10.0.40219.1
Project("{FAE04EC0-301F-11D3-BF4B-00C04F79EFBC}") = "PR3Calc", "PR3Calc\PR3Calc.csproj", "{3EF4EE38-7F92-4913-BCBF-5610FA01918D}"
EndProject
Global
	GlobalSection(SolutionConfigurationPlatforms) = preSolution
		Debug|Any CPU = Debug|Any CPU
		Release|Any CPU = Release|Any CPU
	EndGlobalSection
	GlobalSection(ProjectConfigurationPlatforms) = postSolution
		{3EF4EE38-7F92-4913-BCBF-5610FA01918D}.Debug|Any CPU.ActiveCfg = Debug|Any CPU
		{3EF4EE38-7F92-4913-BCBF-5610FA01918D}.Debug|Any CPU.Build.0 = Debug|Any CPU
		{3EF4EE38-7F92-4913-BCBF-5610FA01918D}.Release|Any CPU.ActiveCfg = Release|Any CPU
		{3EF4EE38-7F92-4913-BCBF-5610FA01918D}.Release|Any CPU.Build.0 = Release|Any CPU
	EndGlobalSection
	GlobalSection(SolutionProperties) = preSolution
		HideSolutionNode = FALSE
	EndGlobalSection
	GlobalSection(ExtensibilityGlobals) = postSolution
		SolutionGuid = {DFBC1D33-D638-4ACE-9717-3A3168054A79}
	EndGlobalSection
EndGlobal
