
Microsoft Visual Studio Solution File, Format Version 12.00
# Visual Studio Version 17
VisualStudioVersion = 17.0.31903.59
MinimumVisualStudioVersion = 10.0.40219.1
Project("{FAE04EC0-301F-11D3-BF4B-00C04F79EFBC}") = "PR1", "PR1\PR1.csproj", "{FF4F827E-7C48-49E0-859A-E0A472462918}"
EndProject
Project("{FAE04EC0-301F-11D3-BF4B-00C04F79EFBC}") = "Para3", "..\Para3\Para3.csproj", "{C9FF07F6-51BC-43E2-B0FA-23DCE59C157E}"
EndProject
Global
	GlobalSection(SolutionConfigurationPlatforms) = preSolution
		Debug|Any CPU = Debug|Any CPU
		Release|Any CPU = Release|Any CPU
	EndGlobalSection
	GlobalSection(SolutionProperties) = preSolution
		HideSolutionNode = FALSE
	EndGlobalSection
	GlobalSection(ProjectConfigurationPlatforms) = postSolution
		{FF4F827E-7C48-49E0-859A-E0A472462918}.Debug|Any CPU.ActiveCfg = Debug|Any CPU
		{FF4F827E-7C48-49E0-859A-E0A472462918}.Debug|Any CPU.Build.0 = Debug|Any CPU
		{FF4F827E-7C48-49E0-859A-E0A472462918}.Release|Any CPU.ActiveCfg = Release|Any CPU
		{FF4F827E-7C48-49E0-859A-E0A472462918}.Release|Any CPU.Build.0 = Release|Any CPU
		{C9FF07F6-51BC-43E2-B0FA-23DCE59C157E}.Debug|Any CPU.ActiveCfg = Debug|Any CPU
		{C9FF07F6-51BC-43E2-B0FA-23DCE59C157E}.Debug|Any CPU.Build.0 = Debug|Any CPU
		{C9FF07F6-51BC-43E2-B0FA-23DCE59C157E}.Release|Any CPU.ActiveCfg = Release|Any CPU
		{C9FF07F6-51BC-43E2-B0FA-23DCE59C157E}.Release|Any CPU.Build.0 = Release|Any CPU
	EndGlobalSection
EndGlobal
